
Microsoft Visual Studio Solution File, Format Version 12.00
# Visual Studio Version 17
VisualStudioVersion = 17.8.34330.188
MinimumVisualStudioVersion = 10.0.40219.1
Project("{C7167F0D-BC9F-4E6E-AFE1-012C56B48DB5}") = "Praisenter", "Praisenter\Praisenter.wapproj", "{E115A815-1A4F-4C2E-B041-8975FA49606F}"
EndProject
Global
	GlobalSection(SolutionConfigurationPlatforms) = preSolution
		Debug|Any CPU = Debug|Any CPU
		Debug|ARM = Debug|ARM
		Debug|ARM64 = Debug|ARM64
		Debug|x64 = Debug|x64
		Debug|x86 = Debug|x86
		Release|Any CPU = Release|Any CPU
		Release|ARM = Release|ARM
		Release|ARM64 = Release|ARM64
		Release|x64 = Release|x64
		Release|x86 = Release|x86
	EndGlobalSection
	GlobalSection(ProjectConfigurationPlatforms) = postSolution
		{E115A815-1A4F-4C2E-B041-8975FA49606F}.Debug|Any CPU.ActiveCfg = Debug|Any CPU
		{E115A815-1A4F-4C2E-B041-8975FA49606F}.Debug|Any CPU.Build.0 = Debug|Any CPU
		{E115A815-1A4F-4C2E-B041-8975FA49606F}.Debug|Any CPU.Deploy.0 = Debug|Any CPU
		{E115A815-1A4F-4C2E-B041-8975FA49606F}.Debug|ARM.ActiveCfg = Debug|ARM
		{E115A815-1A4F-4C2E-B041-8975FA49606F}.Debug|ARM.Build.0 = Debug|ARM
		{E115A815-1A4F-4C2E-B041-8975FA49606F}.Debug|ARM.Deploy.0 = Debug|ARM
		{E115A815-1A4F-4C2E-B041-8975FA49606F}.Debug|ARM64.ActiveCfg = Debug|ARM64
		{E115A815-1A4F-4C2E-B041-8975FA49606F}.Debug|ARM64.Build.0 = Debug|ARM64
		{E115A815-1A4F-4C2E-B041-8975FA49606F}.Debug|ARM64.Deploy.0 = Debug|ARM64
		{E115A815-1A4F-4C2E-B041-8975FA49606F}.Debug|x64.ActiveCfg = Debug|x64
		{E115A815-1A4F-4C2E-B041-8975FA49606F}.Debug|x64.Build.0 = Debug|x64
		{E115A815-1A4F-4C2E-B041-8975FA49606F}.Debug|x64.Deploy.0 = Debug|x64
		{E115A815-1A4F-4C2E-B041-8975FA49606F}.Debug|x86.ActiveCfg = Debug|x86
		{E115A815-1A4F-4C2E-B041-8975FA49606F}.Debug|x86.Build.0 = Debug|x86
		{E115A815-1A4F-4C2E-B041-8975FA49606F}.Debug|x86.Deploy.0 = Debug|x86
		{E115A815-1A4F-4C2E-B041-8975FA49606F}.Release|Any CPU.ActiveCfg = Release|Any CPU
		{E115A815-1A4F-4C2E-B041-8975FA49606F}.Release|Any CPU.Build.0 = Release|Any CPU
		{E115A815-1A4F-4C2E-B041-8975FA49606F}.Release|Any CPU.Deploy.0 = Release|Any CPU
		{E115A815-1A4F-4C2E-B041-8975FA49606F}.Release|ARM.ActiveCfg = Release|ARM
		{E115A815-1A4F-4C2E-B041-8975FA49606F}.Release|ARM.Build.0 = Release|ARM
		{E115A815-1A4F-4C2E-B041-8975FA49606F}.Release|ARM.Deploy.0 = Release|ARM
		{E115A815-1A4F-4C2E-B041-8975FA49606F}.Release|ARM64.ActiveCfg = Release|ARM64
		{E115A815-1A4F-4C2E-B041-8975FA49606F}.Release|ARM64.Build.0 = Release|ARM64
		{E115A815-1A4F-4C2E-B041-8975FA49606F}.Release|ARM64.Deploy.0 = Release|ARM64
		{E115A815-1A4F-4C2E-B041-8975FA49606F}.Release|x64.ActiveCfg = Release|x64
		{E115A815-1A4F-4C2E-B041-8975FA49606F}.Release|x64.Build.0 = Release|x64
		{E115A815-1A4F-4C2E-B041-8975FA49606F}.Release|x64.Deploy.0 = Release|x64
		{E115A815-1A4F-4C2E-B041-8975FA49606F}.Release|x86.ActiveCfg = Release|x86
		{E115A815-1A4F-4C2E-B041-8975FA49606F}.Release|x86.Build.0 = Release|x86
		{E115A815-1A4F-4C2E-B041-8975FA49606F}.Release|x86.Deploy.0 = Release|x86
	EndGlobalSection
	GlobalSection(SolutionProperties) = preSolution
		HideSolutionNode = FALSE
	EndGlobalSection
	GlobalSection(ExtensibilityGlobals) = postSolution
		SolutionGuid = {5159DC51-34D4-486C-BA13-8728AC565870}
	EndGlobalSection
EndGlobal
